// !$*UTF8*$!
{
	archiveVersion = 1;
	classes = {
	};
	objectVersion = 50;
	objects = {

/* Begin PBXBuildFile section */
		288967B04BADF915DA0F10CB /* libPods-QYVideoPlayer.a in Frameworks */ = {isa = PBXBuildFile; fileRef = D6C14A1149E532DD84807925 /* libPods-QYVideoPlayer.a */; };
		E409A15221F5B9A200BF8052 /* NSString+Custom.m in Sources */ = {isa = PBXBuildFile; fileRef = E409A15121F5B9A200BF8052 /* NSString+Custom.m */; };
		E409A15521F5CC0000BF8052 /* QYPlayerView+Rotation.m in Sources */ = {isa = PBXBuildFile; fileRef = E409A15421F5CC0000BF8052 /* QYPlayerView+Rotation.m */; };
		E4250AD321F1C3D6007420B8 /* QYPlayerView.m in Sources */ = {isa = PBXBuildFile; fileRef = E4250AD221F1C3D6007420B8 /* QYPlayerView.m */; };
		E425CD5722041CD0000C5028 /* QYPlayerProgress.m in Sources */ = {isa = PBXBuildFile; fileRef = E425CD5622041CD0000C5028 /* QYPlayerProgress.m */; };
		E425CD5A22043F41000C5028 /* NSTimer+QYBlockSupport.m in Sources */ = {isa = PBXBuildFile; fileRef = E425CD5822043F41000C5028 /* NSTimer+QYBlockSupport.m */; };
		E4269F3B2202A05100605413 /* QYPlayerView+Gesture.m in Sources */ = {isa = PBXBuildFile; fileRef = E4269F3A2202A05100605413 /* QYPlayerView+Gesture.m */; };
		E426B9ED21F30C1C00EFB9EE /* QYPlayerControlView.m in Sources */ = {isa = PBXBuildFile; fileRef = E426B9EC21F30C1C00EFB9EE /* QYPlayerControlView.m */; };
		E4CF383D21F05EE800563844 /* AppDelegate.m in Sources */ = {isa = PBXBuildFile; fileRef = E4CF383C21F05EE800563844 /* AppDelegate.m */; };
		E4CF384021F05EE800563844 /* ViewController.m in Sources */ = {isa = PBXBuildFile; fileRef = E4CF383F21F05EE800563844 /* ViewController.m */; };
		E4CF384321F05EE800563844 /* Main.storyboard in Resources */ = {isa = PBXBuildFile; fileRef = E4CF384121F05EE800563844 /* Main.storyboard */; };
		E4CF384521F05EE800563844 /* Assets.xcassets in Resources */ = {isa = PBXBuildFile; fileRef = E4CF384421F05EE800563844 /* Assets.xcassets */; };
		E4CF384821F05EE900563844 /* LaunchScreen.storyboard in Resources */ = {isa = PBXBuildFile; fileRef = E4CF384621F05EE900563844 /* LaunchScreen.storyboard */; };
		E4CF384B21F05EE900563844 /* main.m in Sources */ = {isa = PBXBuildFile; fileRef = E4CF384A21F05EE900563844 /* main.m */; };
		E4D6F49522002B5900D7E321 /* BaseViewController.m in Sources */ = {isa = PBXBuildFile; fileRef = E4D6F49422002B5900D7E321 /* BaseViewController.m */; };
/* End PBXBuildFile section */

/* Begin PBXFileReference section */
		9806486710B412DB82E36862 /* Pods-QYVideoPlayer.debug.xcconfig */ = {isa = PBXFileReference; includeInIndex = 1; lastKnownFileType = text.xcconfig; name = "Pods-QYVideoPlayer.debug.xcconfig"; path = "Pods/Target Support Files/Pods-QYVideoPlayer/Pods-QYVideoPlayer.debug.xcconfig"; sourceTree = "<group>"; };
		BD3D7E7141ACF8216AF7BFDA /* Pods-QYVideoPlayer.release.xcconfig */ = {isa = PBXFileReference; includeInIndex = 1; lastKnownFileType = text.xcconfig; name = "Pods-QYVideoPlayer.release.xcconfig"; path = "Pods/Target Support Files/Pods-QYVideoPlayer/Pods-QYVideoPlayer.release.xcconfig"; sourceTree = "<group>"; };
		D6C14A1149E532DD84807925 /* libPods-QYVideoPlayer.a */ = {isa = PBXFileReference; explicitFileType = archive.ar; includeInIndex = 0; path = "libPods-QYVideoPlayer.a"; sourceTree = BUILT_PRODUCTS_DIR; };
		E409A15021F5B9A200BF8052 /* NSString+Custom.h */ = {isa = PBXFileReference; lastKnownFileType = sourcecode.c.h; path = "NSString+Custom.h"; sourceTree = "<group>"; };
		E409A15121F5B9A200BF8052 /* NSString+Custom.m */ = {isa = PBXFileReference; lastKnownFileType = sourcecode.c.objc; path = "NSString+Custom.m"; sourceTree = "<group>"; };
		E409A15321F5CC0000BF8052 /* QYPlayerView+Rotation.h */ = {isa = PBXFileReference; lastKnownFileType = sourcecode.c.h; path = "QYPlayerView+Rotation.h"; sourceTree = "<group>"; };
		E409A15421F5CC0000BF8052 /* QYPlayerView+Rotation.m */ = {isa = PBXFileReference; lastKnownFileType = sourcecode.c.objc; path = "QYPlayerView+Rotation.m"; sourceTree = "<group>"; };
		E409A15721F5CE0400BF8052 /* QYPlayerDefine.h */ = {isa = PBXFileReference; lastKnownFileType = sourcecode.c.h; path = QYPlayerDefine.h; sourceTree = "<group>"; };
		E4250AD121F1C3D6007420B8 /* QYPlayerView.h */ = {isa = PBXFileReference; lastKnownFileType = sourcecode.c.h; path = QYPlayerView.h; sourceTree = "<group>"; };
		E4250AD221F1C3D6007420B8 /* QYPlayerView.m */ = {isa = PBXFileReference; lastKnownFileType = sourcecode.c.objc; path = QYPlayerView.m; sourceTree = "<group>"; };
		E425CD5522041CD0000C5028 /* QYPlayerProgress.h */ = {isa = PBXFileReference; lastKnownFileType = sourcecode.c.h; path = QYPlayerProgress.h; sourceTree = "<group>"; };
		E425CD5622041CD0000C5028 /* QYPlayerProgress.m */ = {isa = PBXFileReference; lastKnownFileType = sourcecode.c.objc; path = QYPlayerProgress.m; sourceTree = "<group>"; };
		E425CD5822043F41000C5028 /* NSTimer+QYBlockSupport.m */ = {isa = PBXFileReference; fileEncoding = 4; lastKnownFileType = sourcecode.c.objc; path = "NSTimer+QYBlockSupport.m"; sourceTree = "<group>"; };
		E425CD5922043F41000C5028 /* NSTimer+QYBlockSupport.h */ = {isa = PBXFileReference; fileEncoding = 4; lastKnownFileType = sourcecode.c.h; path = "NSTimer+QYBlockSupport.h"; sourceTree = "<group>"; };
		E4269F392202A05100605413 /* QYPlayerView+Gesture.h */ = {isa = PBXFileReference; lastKnownFileType = sourcecode.c.h; path = "QYPlayerView+Gesture.h"; sourceTree = "<group>"; };
		E4269F3A2202A05100605413 /* QYPlayerView+Gesture.m */ = {isa = PBXFileReference; lastKnownFileType = sourcecode.c.objc; path = "QYPlayerView+Gesture.m"; sourceTree = "<group>"; };
		E426B9EB21F30C1C00EFB9EE /* QYPlayerControlView.h */ = {isa = PBXFileReference; lastKnownFileType = sourcecode.c.h; path = QYPlayerControlView.h; sourceTree = "<group>"; };
		E426B9EC21F30C1C00EFB9EE /* QYPlayerControlView.m */ = {isa = PBXFileReference; lastKnownFileType = sourcecode.c.objc; path = QYPlayerControlView.m; sourceTree = "<group>"; };
		E4CF383821F05EE700563844 /* QYVideoPlayer.app */ = {isa = PBXFileReference; explicitFileType = wrapper.application; includeInIndex = 0; path = QYVideoPlayer.app; sourceTree = BUILT_PRODUCTS_DIR; };
		E4CF383B21F05EE800563844 /* AppDelegate.h */ = {isa = PBXFileReference; lastKnownFileType = sourcecode.c.h; path = AppDelegate.h; sourceTree = "<group>"; };
		E4CF383C21F05EE800563844 /* AppDelegate.m */ = {isa = PBXFileReference; lastKnownFileType = sourcecode.c.objc; path = AppDelegate.m; sourceTree = "<group>"; };
		E4CF383E21F05EE800563844 /* ViewController.h */ = {isa = PBXFileReference; lastKnownFileType = sourcecode.c.h; path = ViewController.h; sourceTree = "<group>"; };
		E4CF383F21F05EE800563844 /* ViewController.m */ = {isa = PBXFileReference; lastKnownFileType = sourcecode.c.objc; path = ViewController.m; sourceTree = "<group>"; };
		E4CF384221F05EE800563844 /* Base */ = {isa = PBXFileReference; lastKnownFileType = file.storyboard; name = Base; path = Base.lproj/Main.storyboard; sourceTree = "<group>"; };
		E4CF384421F05EE800563844 /* Assets.xcassets */ = {isa = PBXFileReference; lastKnownFileType = folder.assetcatalog; path = Assets.xcassets; sourceTree = "<group>"; };
		E4CF384721F05EE900563844 /* Base */ = {isa = PBXFileReference; lastKnownFileType = file.storyboard; name = Base; path = Base.lproj/LaunchScreen.storyboard; sourceTree = "<group>"; };
		E4CF384921F05EE900563844 /* Info.plist */ = {isa = PBXFileReference; lastKnownFileType = text.plist.xml; path = Info.plist; sourceTree = "<group>"; };
		E4CF384A21F05EE900563844 /* main.m */ = {isa = PBXFileReference; lastKnownFileType = sourcecode.c.objc; path = main.m; sourceTree = "<group>"; };
		E4D6F49322002B5900D7E321 /* BaseViewController.h */ = {isa = PBXFileReference; lastKnownFileType = sourcecode.c.h; path = BaseViewController.h; sourceTree = "<group>"; };
		E4D6F49422002B5900D7E321 /* BaseViewController.m */ = {isa = PBXFileReference; lastKnownFileType = sourcecode.c.objc; path = BaseViewController.m; sourceTree = "<group>"; };
/* End PBXFileReference section */

/* Begin PBXFrameworksBuildPhase section */
		E4CF383521F05EE700563844 /* Frameworks */ = {
			isa = PBXFrameworksBuildPhase;
			buildActionMask = 2147483647;
			files = (
				288967B04BADF915DA0F10CB /* libPods-QYVideoPlayer.a in Frameworks */,
			);
			runOnlyForDeploymentPostprocessing = 0;
		};
/* End PBXFrameworksBuildPhase section */

/* Begin PBXGroup section */
		1155D5BDE3FF7EA065F6B533 /* Frameworks */ = {
			isa = PBXGroup;
			children = (
				D6C14A1149E532DD84807925 /* libPods-QYVideoPlayer.a */,
			);
			name = Frameworks;
			sourceTree = "<group>";
		};
		9CF3FE1611A3B0AC5A3C9D0A /* Pods */ = {
			isa = PBXGroup;
			children = (
				9806486710B412DB82E36862 /* Pods-QYVideoPlayer.debug.xcconfig */,
				BD3D7E7141ACF8216AF7BFDA /* Pods-QYVideoPlayer.release.xcconfig */,
			);
			name = Pods;
			sourceTree = "<group>";
		};
		E409A15621F5CDD400BF8052 /* Utils */ = {
			isa = PBXGroup;
			children = (
				E425CD5922043F41000C5028 /* NSTimer+QYBlockSupport.h */,
				E425CD5822043F41000C5028 /* NSTimer+QYBlockSupport.m */,
				E409A15021F5B9A200BF8052 /* NSString+Custom.h */,
				E409A15121F5B9A200BF8052 /* NSString+Custom.m */,
				E409A15721F5CE0400BF8052 /* QYPlayerDefine.h */,
			);
			path = Utils;
			sourceTree = "<group>";
		};
		E4CF382F21F05EE700563844 = {
			isa = PBXGroup;
			children = (
				E4CF383A21F05EE800563844 /* QYVideoPlayer */,
				E4CF383921F05EE700563844 /* Products */,
				9CF3FE1611A3B0AC5A3C9D0A /* Pods */,
				1155D5BDE3FF7EA065F6B533 /* Frameworks */,
			);
			sourceTree = "<group>";
		};
		E4CF383921F05EE700563844 /* Products */ = {
			isa = PBXGroup;
			children = (
				E4CF383821F05EE700563844 /* QYVideoPlayer.app */,
			);
			name = Products;
			sourceTree = "<group>";
		};
		E4CF383A21F05EE800563844 /* QYVideoPlayer */ = {
			isa = PBXGroup;
			children = (
				E4CF385121F05F6300563844 /* QYPlayer */,
				E4CF383B21F05EE800563844 /* AppDelegate.h */,
				E4CF383C21F05EE800563844 /* AppDelegate.m */,
				E4CF383E21F05EE800563844 /* ViewController.h */,
				E4CF383F21F05EE800563844 /* ViewController.m */,
				E4D6F49322002B5900D7E321 /* BaseViewController.h */,
				E4D6F49422002B5900D7E321 /* BaseViewController.m */,
				E4CF384121F05EE800563844 /* Main.storyboard */,
				E4CF384421F05EE800563844 /* Assets.xcassets */,
				E4CF384621F05EE900563844 /* LaunchScreen.storyboard */,
				E4CF384921F05EE900563844 /* Info.plist */,
				E4CF384A21F05EE900563844 /* main.m */,
			);
			path = QYVideoPlayer;
			sourceTree = "<group>";
		};
		E4CF385121F05F6300563844 /* QYPlayer */ = {
			isa = PBXGroup;
			children = (
				E409A15621F5CDD400BF8052 /* Utils */,
				E4250AD121F1C3D6007420B8 /* QYPlayerView.h */,
				E4250AD221F1C3D6007420B8 /* QYPlayerView.m */,
				E426B9EB21F30C1C00EFB9EE /* QYPlayerControlView.h */,
				E426B9EC21F30C1C00EFB9EE /* QYPlayerControlView.m */,
				E425CD5522041CD0000C5028 /* QYPlayerProgress.h */,
				E425CD5622041CD0000C5028 /* QYPlayerProgress.m */,
				E409A15321F5CC0000BF8052 /* QYPlayerView+Rotation.h */,
				E409A15421F5CC0000BF8052 /* QYPlayerView+Rotation.m */,
				E4269F392202A05100605413 /* QYPlayerView+Gesture.h */,
				E4269F3A2202A05100605413 /* QYPlayerView+Gesture.m */,
			);
			path = QYPlayer;
			sourceTree = "<group>";
		};
/* End PBXGroup section */

/* Begin PBXNativeTarget section */
		E4CF383721F05EE700563844 /* QYVideoPlayer */ = {
			isa = PBXNativeTarget;
			buildConfigurationList = E4CF384E21F05EE900563844 /* Build configuration list for PBXNativeTarget "QYVideoPlayer" */;
			buildPhases = (
				43593480512888E2CBE8FC78 /* [CP] Check Pods Manifest.lock */,
				E4CF383421F05EE700563844 /* Sources */,
				E4CF383521F05EE700563844 /* Frameworks */,
				E4CF383621F05EE700563844 /* Resources */,
				C6F19558F16BA45C0418F079 /* [CP] Embed Pods Frameworks */,
				ED4F471F2332ACD4A84BB28B /* [CP] Copy Pods Resources */,
			);
			buildRules = (
			);
			dependencies = (
			);
			name = QYVideoPlayer;
			productName = QYVideoPlayer;
			productReference = E4CF383821F05EE700563844 /* QYVideoPlayer.app */;
			productType = "com.apple.product-type.application";
		};
/* End PBXNativeTarget section */

/* Begin PBXProject section */
		E4CF383021F05EE700563844 /* Project object */ = {
			isa = PBXProject;
			attributes = {
				LastUpgradeCheck = 1010;
				ORGANIZATIONNAME = Joeyoung;
				TargetAttributes = {
					E4CF383721F05EE700563844 = {
						CreatedOnToolsVersion = 10.1;
					};
				};
			};
			buildConfigurationList = E4CF383321F05EE700563844 /* Build configuration list for PBXProject "QYVideoPlayer" */;
			compatibilityVersion = "Xcode 9.3";
			developmentRegion = en;
			hasScannedForEncodings = 0;
			knownRegions = (
				en,
				Base,
			);
			mainGroup = E4CF382F21F05EE700563844;
			productRefGroup = E4CF383921F05EE700563844 /* Products */;
			projectDirPath = "";
			projectRoot = "";
			targets = (
				E4CF383721F05EE700563844 /* QYVideoPlayer */,
			);
		};
/* End PBXProject section */

/* Begin PBXResourcesBuildPhase section */
		E4CF383621F05EE700563844 /* Resources */ = {
			isa = PBXResourcesBuildPhase;
			buildActionMask = 2147483647;
			files = (
				E4CF384821F05EE900563844 /* LaunchScreen.storyboard in Resources */,
				E4CF384521F05EE800563844 /* Assets.xcassets in Resources */,
				E4CF384321F05EE800563844 /* Main.storyboard in Resources */,
			);
			runOnlyForDeploymentPostprocessing = 0;
		};
/* End PBXResourcesBuildPhase section */

/* Begin PBXShellScriptBuildPhase section */
		43593480512888E2CBE8FC78 /* [CP] Check Pods Manifest.lock */ = {
			isa = PBXShellScriptBuildPhase;
			buildActionMask = 2147483647;
			files = (
			);
			inputFileListPaths = (
			);
			inputPaths = (
				"${PODS_PODFILE_DIR_PATH}/Podfile.lock",
				"${PODS_ROOT}/Manifest.lock",
			);
			name = "[CP] Check Pods Manifest.lock";
			outputFileListPaths = (
			);
			outputPaths = (
				"$(DERIVED_FILE_DIR)/Pods-QYVideoPlayer-checkManifestLockResult.txt",
			);
			runOnlyForDeploymentPostprocessing = 0;
			shellPath = /bin/sh;
			shellScript = "diff \"${PODS_PODFILE_DIR_PATH}/Podfile.lock\" \"${PODS_ROOT}/Manifest.lock\" > /dev/null\nif [ $? != 0 ] ; then\n    # print error to STDERR\n    echo \"error: The sandbox is not in sync with the Podfile.lock. Run 'pod install' or update your CocoaPods installation.\" >&2\n    exit 1\nfi\n# This output is used by Xcode 'outputs' to avoid re-running this script phase.\necho \"SUCCESS\" > \"${SCRIPT_OUTPUT_FILE_0}\"\n";
			showEnvVarsInLog = 0;
		};
		C6F19558F16BA45C0418F079 /* [CP] Embed Pods Frameworks */ = {
			isa = PBXShellScriptBuildPhase;
			buildActionMask = 2147483647;
			files = (
			);
			inputFileListPaths = (
			);
			inputPaths = (
			);
			name = "[CP] Embed Pods Frameworks";
			outputFileListPaths = (
			);
			outputPaths = (
			);
			runOnlyForDeploymentPostprocessing = 0;
			shellPath = /bin/sh;
			shellScript = "\"${SRCROOT}/Pods/Target Support Files/Pods-QYVideoPlayer/Pods-QYVideoPlayer-frameworks.sh\"\n";
			showEnvVarsInLog = 0;
		};
		ED4F471F2332ACD4A84BB28B /* [CP] Copy Pods Resources */ = {
			isa = PBXShellScriptBuildPhase;
			buildActionMask = 2147483647;
			files = (
			);
			inputFileListPaths = (
			);
			inputPaths = (
			);
			name = "[CP] Copy Pods Resources";
			outputFileListPaths = (
			);
			outputPaths = (
			);
			runOnlyForDeploymentPostprocessing = 0;
			shellPath = /bin/sh;
			shellScript = "\"${SRCROOT}/Pods/Target Support Files/Pods-QYVideoPlayer/Pods-QYVideoPlayer-resources.sh\"\n";
			showEnvVarsInLog = 0;
		};
/* End PBXShellScriptBuildPhase section */

/* Begin PBXSourcesBuildPhase section */
		E4CF383421F05EE700563844 /* Sources */ = {
			isa = PBXSourcesBuildPhase;
			buildActionMask = 2147483647;
			files = (
				E425CD5A22043F41000C5028 /* NSTimer+QYBlockSupport.m in Sources */,
				E409A15221F5B9A200BF8052 /* NSString+Custom.m in Sources */,
				E4D6F49522002B5900D7E321 /* BaseViewController.m in Sources */,
				E4CF384021F05EE800563844 /* ViewController.m in Sources */,
				E4CF384B21F05EE900563844 /* main.m in Sources */,
				E4269F3B2202A05100605413 /* QYPlayerView+Gesture.m in Sources */,
				E4CF383D21F05EE800563844 /* AppDelegate.m in Sources */,
				E426B9ED21F30C1C00EFB9EE /* QYPlayerControlView.m in Sources */,
				E425CD5722041CD0000C5028 /* QYPlayerProgress.m in Sources */,
				E4250AD321F1C3D6007420B8 /* QYPlayerView.m in Sources */,
				E409A15521F5CC0000BF8052 /* QYPlayerView+Rotation.m in Sources */,
			);
			runOnlyForDeploymentPostprocessing = 0;
		};
/* End PBXSourcesBuildPhase section */

/* Begin PBXVariantGroup section */
		E4CF384121F05EE800563844 /* Main.storyboard */ = {
			isa = PBXVariantGroup;
			children = (
				E4CF384221F05EE800563844 /* Base */,
			);
			name = Main.storyboard;
			sourceTree = "<group>";
		};
		E4CF384621F05EE900563844 /* LaunchScreen.storyboard */ = {
			isa = PBXVariantGroup;
			children = (
				E4CF384721F05EE900563844 /* Base */,
			);
			name = LaunchScreen.storyboard;
			sourceTree = "<group>";
		};
/* End PBXVariantGroup section */

/* Begin XCBuildConfiguration section */
		E4CF384C21F05EE900563844 /* Debug */ = {
			isa = XCBuildConfiguration;
			buildSettings = {
				ALWAYS_SEARCH_USER_PATHS = NO;
				CLANG_ANALYZER_NONNULL = YES;
				CLANG_ANALYZER_NUMBER_OBJECT_CONVERSION = YES_AGGRESSIVE;
				CLANG_CXX_LANGUAGE_STANDARD = "gnu++14";
				CLANG_CXX_LIBRARY = "libc++";
				CLANG_ENABLE_MODULES = YES;
				CLANG_ENABLE_OBJC_ARC = YES;
				CLANG_ENABLE_OBJC_WEAK = YES;
				CLANG_WARN_BLOCK_CAPTURE_AUTORELEASING = YES;
				CLANG_WARN_BOOL_CONVERSION = YES;
				CLANG_WARN_COMMA = YES;
				CLANG_WARN_CONSTANT_CONVERSION = YES;
				CLANG_WARN_DEPRECATED_OBJC_IMPLEMENTATIONS = YES;
				CLANG_WARN_DIRECT_OBJC_ISA_USAGE = YES_ERROR;
				CLANG_WARN_DOCUMENTATION_COMMENTS = YES;
				CLANG_WARN_EMPTY_BODY = YES;
				CLANG_WARN_ENUM_CONVERSION = YES;
				CLANG_WARN_INFINITE_RECURSION = YES;
				CLANG_WARN_INT_CONVERSION = YES;
				CLANG_WARN_NON_LITERAL_NULL_CONVERSION = YES;
				CLANG_WARN_OBJC_IMPLICIT_RETAIN_SELF = YES;
				CLANG_WARN_OBJC_LITERAL_CONVERSION = YES;
				CLANG_WARN_OBJC_ROOT_CLASS = YES_ERROR;
				CLANG_WARN_RANGE_LOOP_ANALYSIS = YES;
				CLANG_WARN_STRICT_PROTOTYPES = YES;
				CLANG_WARN_SUSPICIOUS_MOVE = YES;
				CLANG_WARN_UNGUARDED_AVAILABILITY = YES_AGGRESSIVE;
				CLANG_WARN_UNREACHABLE_CODE = YES;
				CLANG_WARN__DUPLICATE_METHOD_MATCH = YES;
				CODE_SIGN_IDENTITY = "iPhone Developer";
				COPY_PHASE_STRIP = NO;
				DEBUG_INFORMATION_FORMAT = dwarf;
				ENABLE_STRICT_OBJC_MSGSEND = YES;
				ENABLE_TESTABILITY = YES;
				GCC_C_LANGUAGE_STANDARD = gnu11;
				GCC_DYNAMIC_NO_PIC = NO;
				GCC_NO_COMMON_BLOCKS = YES;
				GCC_OPTIMIZATION_LEVEL = 0;
				GCC_PREPROCESSOR_DEFINITIONS = (
					"DEBUG=1",
					"$(inherited)",
				);
				GCC_WARN_64_TO_32_BIT_CONVERSION = YES;
				GCC_WARN_ABOUT_RETURN_TYPE = YES_ERROR;
				GCC_WARN_UNDECLARED_SELECTOR = YES;
				GCC_WARN_UNINITIALIZED_AUTOS = YES_AGGRESSIVE;
				GCC_WARN_UNUSED_FUNCTION = YES;
				GCC_WARN_UNUSED_VARIABLE = YES;
				IPHONEOS_DEPLOYMENT_TARGET = 9.0;
				MTL_ENABLE_DEBUG_INFO = INCLUDE_SOURCE;
				MTL_FAST_MATH = YES;
				ONLY_ACTIVE_ARCH = YES;
				SDKROOT = iphoneos;
			};
			name = Debug;
		};
		E4CF384D21F05EE900563844 /* Release */ = {
			isa = XCBuildConfiguration;
			buildSettings = {
				ALWAYS_SEARCH_USER_PATHS = NO;
				CLANG_ANALYZER_NONNULL = YES;
				CLANG_ANALYZER_NUMBER_OBJECT_CONVERSION = YES_AGGRESSIVE;
				CLANG_CXX_LANGUAGE_STANDARD = "gnu++14";
				CLANG_CXX_LIBRARY = "libc++";
				CLANG_ENABLE_MODULES = YES;
				CLANG_ENABLE_OBJC_ARC = YES;
				CLANG_ENABLE_OBJC_WEAK = YES;
				CLANG_WARN_BLOCK_CAPTURE_AUTORELEASING = YES;
				CLANG_WARN_BOOL_CONVERSION = YES;
				CLANG_WARN_COMMA = YES;
				CLANG_WARN_CONSTANT_CONVERSION = YES;
				CLANG_WARN_DEPRECATED_OBJC_IMPLEMENTATIONS = YES;
				CLANG_WARN_DIRECT_OBJC_ISA_USAGE = YES_ERROR;
				CLANG_WARN_DOCUMENTATION_COMMENTS = YES;
				CLANG_WARN_EMPTY_BODY = YES;
				CLANG_WARN_ENUM_CONVERSION = YES;
				CLANG_WARN_INFINITE_RECURSION = YES;
				CLANG_WARN_INT_CONVERSION = YES;
				CLANG_WARN_NON_LITERAL_NULL_CONVERSION = YES;
				CLANG_WARN_OBJC_IMPLICIT_RETAIN_SELF = YES;
				CLANG_WARN_OBJC_LITERAL_CONVERSION = YES;
				CLANG_WARN_OBJC_ROOT_CLASS = YES_ERROR;
				CLANG_WARN_RANGE_LOOP_ANALYSIS = YES;
				CLANG_WARN_STRICT_PROTOTYPES = YES;
				CLANG_WARN_SUSPICIOUS_MOVE = YES;
				CLANG_WARN_UNGUARDED_AVAILABILITY = YES_AGGRESSIVE;
				CLANG_WARN_UNREACHABLE_CODE = YES;
				CLANG_WARN__DUPLICATE_METHOD_MATCH = YES;
				CODE_SIGN_IDENTITY = "iPhone Developer";
				COPY_PHASE_STRIP = NO;
				DEBUG_INFORMATION_FORMAT = "dwarf-with-dsym";
				ENABLE_NS_ASSERTIONS = NO;
				ENABLE_STRICT_OBJC_MSGSEND = YES;
				GCC_C_LANGUAGE_STANDARD = gnu11;
				GCC_NO_COMMON_BLOCKS = YES;
				GCC_WARN_64_TO_32_BIT_CONVERSION = YES;
				GCC_WARN_ABOUT_RETURN_TYPE = YES_ERROR;
				GCC_WARN_UNDECLARED_SELECTOR = YES;
				GCC_WARN_UNINITIALIZED_AUTOS = YES_AGGRESSIVE;
				GCC_WARN_UNUSED_FUNCTION = YES;
				GCC_WARN_UNUSED_VARIABLE = YES;
				IPHONEOS_DEPLOYMENT_TARGET = 9.0;
				MTL_ENABLE_DEBUG_INFO = NO;
				MTL_FAST_MATH = YES;
				SDKROOT = iphoneos;
				VALIDATE_PRODUCT = YES;
			};
			name = Release;
		};
		E4CF384F21F05EE900563844 /* Debug */ = {
			isa = XCBuildConfiguration;
			baseConfigurationReference = 9806486710B412DB82E36862 /* Pods-QYVideoPlayer.debug.xcconfig */;
			buildSettings = {
				ASSETCATALOG_COMPILER_APPICON_NAME = AppIcon;
				CODE_SIGN_STYLE = Automatic;
				DEVELOPMENT_TEAM = TSK4W8GYE6;
				INFOPLIST_FILE = QYVideoPlayer/Info.plist;
				LD_RUNPATH_SEARCH_PATHS = (
					"$(inherited)",
					"@executable_path/Frameworks",
				);
				PRODUCT_BUNDLE_IDENTIFIER = Joeyoung.QYVideoPlayer.QYVideoPlayer;
				PRODUCT_NAME = "$(TARGET_NAME)";
				TARGETED_DEVICE_FAMILY = "1,2";
			};
			name = Debug;
		};
		E4CF385021F05EE900563844 /* Release */ = {
			isa = XCBuildConfiguration;
			baseConfigurationReference = BD3D7E7141ACF8216AF7BFDA /* Pods-QYVideoPlayer.release.xcconfig */;
			buildSettings = {
				ASSETCATALOG_COMPILER_APPICON_NAME = AppIcon;
				CODE_SIGN_STYLE = Automatic;
				DEVELOPMENT_TEAM = TSK4W8GYE6;
				INFOPLIST_FILE = QYVideoPlayer/Info.plist;
				LD_RUNPATH_SEARCH_PATHS = (
					"$(inherited)",
					"@executable_path/Frameworks",
				);
				PRODUCT_BUNDLE_IDENTIFIER = Joeyoung.QYVideoPlayer.QYVideoPlayer;
				PRODUCT_NAME = "$(TARGET_NAME)";
				TARGETED_DEVICE_FAMILY = "1,2";
			};
			name = Release;
		};
/* End XCBuildConfiguration section */

/* Begin XCConfigurationList section */
		E4CF383321F05EE700563844 /* Build configuration list for PBXProject "QYVideoPlayer" */ = {
			isa = XCConfigurationList;
			buildConfigurations = (
				E4CF384C21F05EE900563844 /* Debug */,
				E4CF384D21F05EE900563844 /* Release */,
			);
			defaultConfigurationIsVisible = 0;
			defaultConfigurationName = Release;
		};
		E4CF384E21F05EE900563844 /* Build configuration list for PBXNativeTarget "QYVideoPlayer" */ = {
			isa = XCConfigurationList;
			buildConfigurations = (
				E4CF384F21F05EE900563844 /* Debug */,
				E4CF385021F05EE900563844 /* Release */,
			);
			defaultConfigurationIsVisible = 0;
			defaultConfigurationName = Release;
		};
/* End XCConfigurationList section */
	};
	rootObject = E4CF383021F05EE700563844 /* Project object */;
}
